// !$*UTF8*$!
{
	archiveVersion = 1;
	classes = {
	};
	objectVersion = 50;
	objects = {

/* Begin PBXBuildFile section */
		6D087DF625079F8200049492 /* KeyboardExtension.swift in Sources */ = {isa = PBXBuildFile; fileRef = 6D087DF525079F8200049492 /* KeyboardExtension.swift */; };
		6D1B7D6B24FCF81200B66B83 /* ViewMenuViewController.swift in Sources */ = {isa = PBXBuildFile; fileRef = 6D1B7D6A24FCF81200B66B83 /* ViewMenuViewController.swift */; };
		6D2AC24724F23EF700702704 /* AppDelegate.swift in Sources */ = {isa = PBXBuildFile; fileRef = 6D2AC24624F23EF700702704 /* AppDelegate.swift */; };
		6D2AC24924F23EF700702704 /* SceneDelegate.swift in Sources */ = {isa = PBXBuildFile; fileRef = 6D2AC24824F23EF700702704 /* SceneDelegate.swift */; };
		6D2AC24B24F23EF700702704 /* WelcomeViewController.swift in Sources */ = {isa = PBXBuildFile; fileRef = 6D2AC24A24F23EF700702704 /* WelcomeViewController.swift */; };
		6D2AC24E24F23EF700702704 /* Main.storyboard in Resources */ = {isa = PBXBuildFile; fileRef = 6D2AC24C24F23EF700702704 /* Main.storyboard */; };
		6D2AC25024F23EF800702704 /* Assets.xcassets in Resources */ = {isa = PBXBuildFile; fileRef = 6D2AC24F24F23EF800702704 /* Assets.xcassets */; };
		6D2AC25324F23EF800702704 /* LaunchScreen.storyboard in Resources */ = {isa = PBXBuildFile; fileRef = 6D2AC25124F23EF800702704 /* LaunchScreen.storyboard */; };
		6D2BCEFA2503C09800731527 /* EditMenuItemViewController.swift in Sources */ = {isa = PBXBuildFile; fileRef = 6D2BCEF92503C09800731527 /* EditMenuItemViewController.swift */; };
		6D2BCEFC25049BF900731527 /* DeleteItemViewController.swift in Sources */ = {isa = PBXBuildFile; fileRef = 6D2BCEFB25049BF900731527 /* DeleteItemViewController.swift */; };
		6D2E0BB224F69DA60071B6F5 /* MenuItem.swift in Sources */ = {isa = PBXBuildFile; fileRef = 6D2E0BB124F69DA60071B6F5 /* MenuItem.swift */; };
		6D2E0BB424F69DB40071B6F5 /* Menu.swift in Sources */ = {isa = PBXBuildFile; fileRef = 6D2E0BB324F69DB40071B6F5 /* Menu.swift */; };
		6D2E0BB624F69DBF0071B6F5 /* BreakfastMenu.swift in Sources */ = {isa = PBXBuildFile; fileRef = 6D2E0BB524F69DBF0071B6F5 /* BreakfastMenu.swift */; };
		6D2E0BB824F69DCF0071B6F5 /* LunchAndDinnerMenu.swift in Sources */ = {isa = PBXBuildFile; fileRef = 6D2E0BB724F69DCF0071B6F5 /* LunchAndDinnerMenu.swift */; };
		6D2E0BBA24F69DDD0071B6F5 /* VegetarianMenu.swift in Sources */ = {isa = PBXBuildFile; fileRef = 6D2E0BB924F69DDD0071B6F5 /* VegetarianMenu.swift */; };
		6D2E0BBC24F69DF60071B6F5 /* FoodMenu.swift in Sources */ = {isa = PBXBuildFile; fileRef = 6D2E0BBB24F69DF60071B6F5 /* FoodMenu.swift */; };
		6D2E0BBE24F69E070071B6F5 /* ExtrasMenu.swift in Sources */ = {isa = PBXBuildFile; fileRef = 6D2E0BBD24F69E070071B6F5 /* ExtrasMenu.swift */; };
		6D2E0BC024F69E160071B6F5 /* DrinkMenu.swift in Sources */ = {isa = PBXBuildFile; fileRef = 6D2E0BBF24F69E160071B6F5 /* DrinkMenu.swift */; };
		6D2E0BC224F69E2A0071B6F5 /* BeverageMenu.swift in Sources */ = {isa = PBXBuildFile; fileRef = 6D2E0BC124F69E2A0071B6F5 /* BeverageMenu.swift */; };
		6D2E0BC424F69E380071B6F5 /* CoffeeCeremony.swift in Sources */ = {isa = PBXBuildFile; fileRef = 6D2E0BC324F69E380071B6F5 /* CoffeeCeremony.swift */; };
		6D62E7572508EA11000C38A8 /* TablesViewController.swift in Sources */ = {isa = PBXBuildFile; fileRef = 6D62E7562508EA11000C38A8 /* TablesViewController.swift */; };
		6D62E7592508EF5B000C38A8 /* DocketViewController.swift in Sources */ = {isa = PBXBuildFile; fileRef = 6D62E7582508EF5B000C38A8 /* DocketViewController.swift */; };
		6D6D360E24FA7A2B0092599B /* RoundButton.swift in Sources */ = {isa = PBXBuildFile; fileRef = 6D6D360D24FA7A2B0092599B /* RoundButton.swift */; };
		6D9E9FF1250A4A610008E540 /* Table.swift in Sources */ = {isa = PBXBuildFile; fileRef = 6D9E9FF0250A4A610008E540 /* Table.swift */; };
		6D9E9FF3250A4AA00008E540 /* Docket.swift in Sources */ = {isa = PBXBuildFile; fileRef = 6D9E9FF2250A4AA00008E540 /* Docket.swift */; };
		6D9E9FF5250A4AB30008E540 /* DocketItem.swift in Sources */ = {isa = PBXBuildFile; fileRef = 6D9E9FF4250A4AB30008E540 /* DocketItem.swift */; };
		6D9E9FF7250A4AC70008E540 /* Tables.swift in Sources */ = {isa = PBXBuildFile; fileRef = 6D9E9FF6250A4AC70008E540 /* Tables.swift */; };
		6DA0B14824FD252800BCF9FA /* AddMenuItemViewController.swift in Sources */ = {isa = PBXBuildFile; fileRef = 6DA0B14724FD252800BCF9FA /* AddMenuItemViewController.swift */; };
		6DBFB52824FA97CF00751082 /* MenuOptionsViewController.swift in Sources */ = {isa = PBXBuildFile; fileRef = 6DBFB52724FA97CF00751082 /* MenuOptionsViewController.swift */; };
		6DBFB52C24FAA3F000751082 /* ItemInfoViewController.swift in Sources */ = {isa = PBXBuildFile; fileRef = 6DBFB52B24FAA3F000751082 /* ItemInfoViewController.swift */; };
/* End PBXBuildFile section */

/* Begin PBXFileReference section */
		6D087DF525079F8200049492 /* KeyboardExtension.swift */ = {isa = PBXFileReference; lastKnownFileType = sourcecode.swift; path = KeyboardExtension.swift; sourceTree = "<group>"; };
		6D1B7D6A24FCF81200B66B83 /* ViewMenuViewController.swift */ = {isa = PBXFileReference; lastKnownFileType = sourcecode.swift; path = ViewMenuViewController.swift; sourceTree = "<group>"; };
		6D2AC24324F23EF700702704 /* KaldisCafe_ModernMenu.app */ = {isa = PBXFileReference; explicitFileType = wrapper.application; includeInIndex = 0; path = KaldisCafe_ModernMenu.app; sourceTree = BUILT_PRODUCTS_DIR; };
		6D2AC24624F23EF700702704 /* AppDelegate.swift */ = {isa = PBXFileReference; lastKnownFileType = sourcecode.swift; path = AppDelegate.swift; sourceTree = "<group>"; };
		6D2AC24824F23EF700702704 /* SceneDelegate.swift */ = {isa = PBXFileReference; lastKnownFileType = sourcecode.swift; path = SceneDelegate.swift; sourceTree = "<group>"; };
		6D2AC24A24F23EF700702704 /* WelcomeViewController.swift */ = {isa = PBXFileReference; lastKnownFileType = sourcecode.swift; path = WelcomeViewController.swift; sourceTree = "<group>"; };
		6D2AC24D24F23EF700702704 /* Base */ = {isa = PBXFileReference; lastKnownFileType = file.storyboard; name = Base; path = Base.lproj/Main.storyboard; sourceTree = "<group>"; };
		6D2AC24F24F23EF800702704 /* Assets.xcassets */ = {isa = PBXFileReference; lastKnownFileType = folder.assetcatalog; path = Assets.xcassets; sourceTree = "<group>"; };
		6D2AC25224F23EF800702704 /* Base */ = {isa = PBXFileReference; lastKnownFileType = file.storyboard; name = Base; path = Base.lproj/LaunchScreen.storyboard; sourceTree = "<group>"; };
		6D2AC25424F23EF800702704 /* Info.plist */ = {isa = PBXFileReference; lastKnownFileType = text.plist.xml; path = Info.plist; sourceTree = "<group>"; };
		6D2BCEF92503C09800731527 /* EditMenuItemViewController.swift */ = {isa = PBXFileReference; lastKnownFileType = sourcecode.swift; path = EditMenuItemViewController.swift; sourceTree = "<group>"; };
		6D2BCEFB25049BF900731527 /* DeleteItemViewController.swift */ = {isa = PBXFileReference; lastKnownFileType = sourcecode.swift; path = DeleteItemViewController.swift; sourceTree = "<group>"; };
		6D2E0BB124F69DA60071B6F5 /* MenuItem.swift */ = {isa = PBXFileReference; lastKnownFileType = sourcecode.swift; path = MenuItem.swift; sourceTree = "<group>"; };
		6D2E0BB324F69DB40071B6F5 /* Menu.swift */ = {isa = PBXFileReference; lastKnownFileType = sourcecode.swift; path = Menu.swift; sourceTree = "<group>"; };
		6D2E0BB524F69DBF0071B6F5 /* BreakfastMenu.swift */ = {isa = PBXFileReference; lastKnownFileType = sourcecode.swift; path = BreakfastMenu.swift; sourceTree = "<group>"; };
		6D2E0BB724F69DCF0071B6F5 /* LunchAndDinnerMenu.swift */ = {isa = PBXFileReference; lastKnownFileType = sourcecode.swift; path = LunchAndDinnerMenu.swift; sourceTree = "<group>"; };
		6D2E0BB924F69DDD0071B6F5 /* VegetarianMenu.swift */ = {isa = PBXFileReference; lastKnownFileType = sourcecode.swift; path = VegetarianMenu.swift; sourceTree = "<group>"; };
		6D2E0BBB24F69DF60071B6F5 /* FoodMenu.swift */ = {isa = PBXFileReference; lastKnownFileType = sourcecode.swift; path = FoodMenu.swift; sourceTree = "<group>"; };
		6D2E0BBD24F69E070071B6F5 /* ExtrasMenu.swift */ = {isa = PBXFileReference; lastKnownFileType = sourcecode.swift; path = ExtrasMenu.swift; sourceTree = "<group>"; };
		6D2E0BBF24F69E160071B6F5 /* DrinkMenu.swift */ = {isa = PBXFileReference; lastKnownFileType = sourcecode.swift; path = DrinkMenu.swift; sourceTree = "<group>"; };
		6D2E0BC124F69E2A0071B6F5 /* BeverageMenu.swift */ = {isa = PBXFileReference; lastKnownFileType = sourcecode.swift; path = BeverageMenu.swift; sourceTree = "<group>"; };
		6D2E0BC324F69E380071B6F5 /* CoffeeCeremony.swift */ = {isa = PBXFileReference; lastKnownFileType = sourcecode.swift; path = CoffeeCeremony.swift; sourceTree = "<group>"; };
		6D62E7562508EA11000C38A8 /* TablesViewController.swift */ = {isa = PBXFileReference; lastKnownFileType = sourcecode.swift; path = TablesViewController.swift; sourceTree = "<group>"; };
		6D62E7582508EF5B000C38A8 /* DocketViewController.swift */ = {isa = PBXFileReference; lastKnownFileType = sourcecode.swift; path = DocketViewController.swift; sourceTree = "<group>"; };
		6D6D360D24FA7A2B0092599B /* RoundButton.swift */ = {isa = PBXFileReference; lastKnownFileType = sourcecode.swift; path = RoundButton.swift; sourceTree = "<group>"; };
		6D9E9FF0250A4A610008E540 /* Table.swift */ = {isa = PBXFileReference; lastKnownFileType = sourcecode.swift; path = Table.swift; sourceTree = "<group>"; };
		6D9E9FF2250A4AA00008E540 /* Docket.swift */ = {isa = PBXFileReference; lastKnownFileType = sourcecode.swift; path = Docket.swift; sourceTree = "<group>"; };
		6D9E9FF4250A4AB30008E540 /* DocketItem.swift */ = {isa = PBXFileReference; lastKnownFileType = sourcecode.swift; path = DocketItem.swift; sourceTree = "<group>"; };
		6D9E9FF6250A4AC70008E540 /* Tables.swift */ = {isa = PBXFileReference; lastKnownFileType = sourcecode.swift; path = Tables.swift; sourceTree = "<group>"; };
		6DA0B14724FD252800BCF9FA /* AddMenuItemViewController.swift */ = {isa = PBXFileReference; lastKnownFileType = sourcecode.swift; path = AddMenuItemViewController.swift; sourceTree = "<group>"; };
		6DBFB52724FA97CF00751082 /* MenuOptionsViewController.swift */ = {isa = PBXFileReference; lastKnownFileType = sourcecode.swift; path = MenuOptionsViewController.swift; sourceTree = "<group>"; };
		6DBFB52B24FAA3F000751082 /* ItemInfoViewController.swift */ = {isa = PBXFileReference; lastKnownFileType = sourcecode.swift; path = ItemInfoViewController.swift; sourceTree = "<group>"; };
/* End PBXFileReference section */

/* Begin PBXFrameworksBuildPhase section */
		6D2AC24024F23EF700702704 /* Frameworks */ = {
			isa = PBXFrameworksBuildPhase;
			buildActionMask = 2147483647;
			files = (
			);
			runOnlyForDeploymentPostprocessing = 0;
		};
/* End PBXFrameworksBuildPhase section */

/* Begin PBXGroup section */
		6D2AC23A24F23EF700702704 = {
			isa = PBXGroup;
			children = (
				6D2AC24524F23EF700702704 /* KaldisCafe_ModernMenu */,
				6D2AC24424F23EF700702704 /* Products */,
			);
			sourceTree = "<group>";
		};
		6D2AC24424F23EF700702704 /* Products */ = {
			isa = PBXGroup;
			children = (
				6D2AC24324F23EF700702704 /* KaldisCafe_ModernMenu.app */,
			);
			name = Products;
			sourceTree = "<group>";
		};
		6D2AC24524F23EF700702704 /* KaldisCafe_ModernMenu */ = {
			isa = PBXGroup;
			children = (
				6D71981824F64BEF00E81620 /* Model */,
				6D71981924F64C1500E81620 /* View */,
				6D71981A24F64C1D00E81620 /* Controller */,
				6D2AC24624F23EF700702704 /* AppDelegate.swift */,
				6D2AC24824F23EF700702704 /* SceneDelegate.swift */,
				6D2AC24F24F23EF800702704 /* Assets.xcassets */,
				6D2AC25124F23EF800702704 /* LaunchScreen.storyboard */,
				6D2AC25424F23EF800702704 /* Info.plist */,
			);
			path = KaldisCafe_ModernMenu;
			sourceTree = "<group>";
		};
		6D71981824F64BEF00E81620 /* Model */ = {
			isa = PBXGroup;
			children = (
				6D2E0BB124F69DA60071B6F5 /* MenuItem.swift */,
				6D2E0BB324F69DB40071B6F5 /* Menu.swift */,
				6D2E0BBB24F69DF60071B6F5 /* FoodMenu.swift */,
				6D2E0BB524F69DBF0071B6F5 /* BreakfastMenu.swift */,
				6D2E0BB724F69DCF0071B6F5 /* LunchAndDinnerMenu.swift */,
				6D2E0BB924F69DDD0071B6F5 /* VegetarianMenu.swift */,
				6D2E0BBD24F69E070071B6F5 /* ExtrasMenu.swift */,
				6D2E0BBF24F69E160071B6F5 /* DrinkMenu.swift */,
				6D2E0BC124F69E2A0071B6F5 /* BeverageMenu.swift */,
				6D2E0BC324F69E380071B6F5 /* CoffeeCeremony.swift */,
				6D9E9FF6250A4AC70008E540 /* Tables.swift */,
				6D9E9FF0250A4A610008E540 /* Table.swift */,
				6D9E9FF2250A4AA00008E540 /* Docket.swift */,
				6D9E9FF4250A4AB30008E540 /* DocketItem.swift */,
			);
			path = Model;
			sourceTree = "<group>";
		};
		6D71981924F64C1500E81620 /* View */ = {
			isa = PBXGroup;
			children = (
				6D2AC24C24F23EF700702704 /* Main.storyboard */,
				6D6D360D24FA7A2B0092599B /* RoundButton.swift */,
				6D087DF525079F8200049492 /* KeyboardExtension.swift */,
			);
			path = View;
			sourceTree = "<group>";
		};
		6D71981A24F64C1D00E81620 /* Controller */ = {
			isa = PBXGroup;
			children = (
				6D2AC24A24F23EF700702704 /* WelcomeViewController.swift */,
				6DBFB52724FA97CF00751082 /* MenuOptionsViewController.swift */,
				6D1B7D6A24FCF81200B66B83 /* ViewMenuViewController.swift */,
				6DBFB52B24FAA3F000751082 /* ItemInfoViewController.swift */,
				6DA0B14724FD252800BCF9FA /* AddMenuItemViewController.swift */,
				6D2BCEF92503C09800731527 /* EditMenuItemViewController.swift */,
				6D2BCEFB25049BF900731527 /* DeleteItemViewController.swift */,
				6D62E7562508EA11000C38A8 /* TablesViewController.swift */,
				6D62E7582508EF5B000C38A8 /* DocketViewController.swift */,
			);
			path = Controller;
			sourceTree = "<group>";
		};
/* End PBXGroup section */

/* Begin PBXNativeTarget section */
		6D2AC24224F23EF700702704 /* KaldisCafe_ModernMenu */ = {
			isa = PBXNativeTarget;
			buildConfigurationList = 6D2AC25724F23EF800702704 /* Build configuration list for PBXNativeTarget "KaldisCafe_ModernMenu" */;
			buildPhases = (
				6D2AC23F24F23EF700702704 /* Sources */,
				6D2AC24024F23EF700702704 /* Frameworks */,
				6D2AC24124F23EF700702704 /* Resources */,
			);
			buildRules = (
			);
			dependencies = (
			);
			name = KaldisCafe_ModernMenu;
			productName = KaldisCafe_ModernMenu;
			productReference = 6D2AC24324F23EF700702704 /* KaldisCafe_ModernMenu.app */;
			productType = "com.apple.product-type.application";
		};
/* End PBXNativeTarget section */

/* Begin PBXProject section */
		6D2AC23B24F23EF700702704 /* Project object */ = {
			isa = PBXProject;
			attributes = {
				LastSwiftUpdateCheck = 1160;
				LastUpgradeCheck = 1160;
				ORGANIZATIONNAME = "Thinking Bear Solutions";
				TargetAttributes = {
					6D2AC24224F23EF700702704 = {
						CreatedOnToolsVersion = 11.6;
					};
				};
			};
			buildConfigurationList = 6D2AC23E24F23EF700702704 /* Build configuration list for PBXProject "KaldisCafe_ModernMenu" */;
			compatibilityVersion = "Xcode 9.3";
			developmentRegion = en;
			hasScannedForEncodings = 0;
			knownRegions = (
				en,
				Base,
			);
			mainGroup = 6D2AC23A24F23EF700702704;
			productRefGroup = 6D2AC24424F23EF700702704 /* Products */;
			projectDirPath = "";
			projectRoot = "";
			targets = (
				6D2AC24224F23EF700702704 /* KaldisCafe_ModernMenu */,
			);
		};
/* End PBXProject section */

/* Begin PBXResourcesBuildPhase section */
		6D2AC24124F23EF700702704 /* Resources */ = {
			isa = PBXResourcesBuildPhase;
			buildActionMask = 2147483647;
			files = (
				6D2AC25324F23EF800702704 /* LaunchScreen.storyboard in Resources */,
				6D2AC25024F23EF800702704 /* Assets.xcassets in Resources */,
				6D2AC24E24F23EF700702704 /* Main.storyboard in Resources */,
			);
			runOnlyForDeploymentPostprocessing = 0;
		};
/* End PBXResourcesBuildPhase section */

/* Begin PBXSourcesBuildPhase section */
		6D2AC23F24F23EF700702704 /* Sources */ = {
			isa = PBXSourcesBuildPhase;
			buildActionMask = 2147483647;
			files = (
				6D2E0BBC24F69DF60071B6F5 /* FoodMenu.swift in Sources */,
				6D9E9FF3250A4AA00008E540 /* Docket.swift in Sources */,
				6D2AC24B24F23EF700702704 /* WelcomeViewController.swift in Sources */,
				6D6D360E24FA7A2B0092599B /* RoundButton.swift in Sources */,
				6D087DF625079F8200049492 /* KeyboardExtension.swift in Sources */,
				6D2E0BB224F69DA60071B6F5 /* MenuItem.swift in Sources */,
				6D2BCEFA2503C09800731527 /* EditMenuItemViewController.swift in Sources */,
				6D2E0BBA24F69DDD0071B6F5 /* VegetarianMenu.swift in Sources */,
				6D2E0BC024F69E160071B6F5 /* DrinkMenu.swift in Sources */,
				6DBFB52C24FAA3F000751082 /* ItemInfoViewController.swift in Sources */,
				6D1B7D6B24FCF81200B66B83 /* ViewMenuViewController.swift in Sources */,
				6D2E0BC424F69E380071B6F5 /* CoffeeCeremony.swift in Sources */,
				6D2BCEFC25049BF900731527 /* DeleteItemViewController.swift in Sources */,
				6D2AC24724F23EF700702704 /* AppDelegate.swift in Sources */,
				6D62E7572508EA11000C38A8 /* TablesViewController.swift in Sources */,
				6DBFB52824FA97CF00751082 /* MenuOptionsViewController.swift in Sources */,
				6D2E0BBE24F69E070071B6F5 /* ExtrasMenu.swift in Sources */,
				6DA0B14824FD252800BCF9FA /* AddMenuItemViewController.swift in Sources */,
				6D9E9FF5250A4AB30008E540 /* DocketItem.swift in Sources */,
				6D2E0BC224F69E2A0071B6F5 /* BeverageMenu.swift in Sources */,
				6D2E0BB824F69DCF0071B6F5 /* LunchAndDinnerMenu.swift in Sources */,
				6D2AC24924F23EF700702704 /* SceneDelegate.swift in Sources */,
				6D9E9FF1250A4A610008E540 /* Table.swift in Sources */,
				6D62E7592508EF5B000C38A8 /* DocketViewController.swift in Sources */,
				6D9E9FF7250A4AC70008E540 /* Tables.swift in Sources */,
				6D2E0BB624F69DBF0071B6F5 /* BreakfastMenu.swift in Sources */,
				6D2E0BB424F69DB40071B6F5 /* Menu.swift in Sources */,
			);
			runOnlyForDeploymentPostprocessing = 0;
		};
/* End PBXSourcesBuildPhase section */

/* Begin PBXVariantGroup section */
		6D2AC24C24F23EF700702704 /* Main.storyboard */ = {
			isa = PBXVariantGroup;
			children = (
				6D2AC24D24F23EF700702704 /* Base */,
			);
			name = Main.storyboard;
			sourceTree = "<group>";
		};
		6D2AC25124F23EF800702704 /* LaunchScreen.storyboard */ = {
			isa = PBXVariantGroup;
			children = (
				6D2AC25224F23EF800702704 /* Base */,
			);
			name = LaunchScreen.storyboard;
			sourceTree = "<group>";
		};
/* End PBXVariantGroup section */

/* Begin XCBuildConfiguration section */
		6D2AC25524F23EF800702704 /* Debug */ = {
			isa = XCBuildConfiguration;
			buildSettings = {
				ALWAYS_SEARCH_USER_PATHS = NO;
				CLANG_ANALYZER_NONNULL = YES;
				CLANG_ANALYZER_NUMBER_OBJECT_CONVERSION = YES_AGGRESSIVE;
				CLANG_CXX_LANGUAGE_STANDARD = "gnu++14";
				CLANG_CXX_LIBRARY = "libc++";
				CLANG_ENABLE_MODULES = YES;
				CLANG_ENABLE_OBJC_ARC = YES;
				CLANG_ENABLE_OBJC_WEAK = YES;
				CLANG_WARN_BLOCK_CAPTURE_AUTORELEASING = YES;
				CLANG_WARN_BOOL_CONVERSION = YES;
				CLANG_WARN_COMMA = YES;
				CLANG_WARN_CONSTANT_CONVERSION = YES;
				CLANG_WARN_DEPRECATED_OBJC_IMPLEMENTATIONS = YES;
				CLANG_WARN_DIRECT_OBJC_ISA_USAGE = YES_ERROR;
				CLANG_WARN_DOCUMENTATION_COMMENTS = YES;
				CLANG_WARN_EMPTY_BODY = YES;
				CLANG_WARN_ENUM_CONVERSION = YES;
				CLANG_WARN_INFINITE_RECURSION = YES;
				CLANG_WARN_INT_CONVERSION = YES;
				CLANG_WARN_NON_LITERAL_NULL_CONVERSION = YES;
				CLANG_WARN_OBJC_IMPLICIT_RETAIN_SELF = YES;
				CLANG_WARN_OBJC_LITERAL_CONVERSION = YES;
				CLANG_WARN_OBJC_ROOT_CLASS = YES_ERROR;
				CLANG_WARN_RANGE_LOOP_ANALYSIS = YES;
				CLANG_WARN_STRICT_PROTOTYPES = YES;
				CLANG_WARN_SUSPICIOUS_MOVE = YES;
				CLANG_WARN_UNGUARDED_AVAILABILITY = YES_AGGRESSIVE;
				CLANG_WARN_UNREACHABLE_CODE = YES;
				CLANG_WARN__DUPLICATE_METHOD_MATCH = YES;
				COPY_PHASE_STRIP = NO;
				DEBUG_INFORMATION_FORMAT = dwarf;
				ENABLE_STRICT_OBJC_MSGSEND = YES;
				ENABLE_TESTABILITY = YES;
				GCC_C_LANGUAGE_STANDARD = gnu11;
				GCC_DYNAMIC_NO_PIC = NO;
				GCC_NO_COMMON_BLOCKS = YES;
				GCC_OPTIMIZATION_LEVEL = 0;
				GCC_PREPROCESSOR_DEFINITIONS = (
					"DEBUG=1",
					"$(inherited)",
				);
				GCC_WARN_64_TO_32_BIT_CONVERSION = YES;
				GCC_WARN_ABOUT_RETURN_TYPE = YES_ERROR;
				GCC_WARN_UNDECLARED_SELECTOR = YES;
				GCC_WARN_UNINITIALIZED_AUTOS = YES_AGGRESSIVE;
				GCC_WARN_UNUSED_FUNCTION = YES;
				GCC_WARN_UNUSED_VARIABLE = YES;
				IPHONEOS_DEPLOYMENT_TARGET = 13.6;
				MTL_ENABLE_DEBUG_INFO = INCLUDE_SOURCE;
				MTL_FAST_MATH = YES;
				ONLY_ACTIVE_ARCH = YES;
				SDKROOT = iphoneos;
				SWIFT_ACTIVE_COMPILATION_CONDITIONS = DEBUG;
				SWIFT_OPTIMIZATION_LEVEL = "-Onone";
			};
			name = Debug;
		};
		6D2AC25624F23EF800702704 /* Release */ = {
			isa = XCBuildConfiguration;
			buildSettings = {
				ALWAYS_SEARCH_USER_PATHS = NO;
				CLANG_ANALYZER_NONNULL = YES;
				CLANG_ANALYZER_NUMBER_OBJECT_CONVERSION = YES_AGGRESSIVE;
				CLANG_CXX_LANGUAGE_STANDARD = "gnu++14";
				CLANG_CXX_LIBRARY = "libc++";
				CLANG_ENABLE_MODULES = YES;
				CLANG_ENABLE_OBJC_ARC = YES;
				CLANG_ENABLE_OBJC_WEAK = YES;
				CLANG_WARN_BLOCK_CAPTURE_AUTORELEASING = YES;
				CLANG_WARN_BOOL_CONVERSION = YES;
				CLANG_WARN_COMMA = YES;
				CLANG_WARN_CONSTANT_CONVERSION = YES;
				CLANG_WARN_DEPRECATED_OBJC_IMPLEMENTATIONS = YES;
				CLANG_WARN_DIRECT_OBJC_ISA_USAGE = YES_ERROR;
				CLANG_WARN_DOCUMENTATION_COMMENTS = YES;
				CLANG_WARN_EMPTY_BODY = YES;
				CLANG_WARN_ENUM_CONVERSION = YES;
				CLANG_WARN_INFINITE_RECURSION = YES;
				CLANG_WARN_INT_CONVERSION = YES;
				CLANG_WARN_NON_LITERAL_NULL_CONVERSION = YES;
				CLANG_WARN_OBJC_IMPLICIT_RETAIN_SELF = YES;
				CLANG_WARN_OBJC_LITERAL_CONVERSION = YES;
				CLANG_WARN_OBJC_ROOT_CLASS = YES_ERROR;
				CLANG_WARN_RANGE_LOOP_ANALYSIS = YES;
				CLANG_WARN_STRICT_PROTOTYPES = YES;
				CLANG_WARN_SUSPICIOUS_MOVE = YES;
				CLANG_WARN_UNGUARDED_AVAILABILITY = YES_AGGRESSIVE;
				CLANG_WARN_UNREACHABLE_CODE = YES;
				CLANG_WARN__DUPLICATE_METHOD_MATCH = YES;
				COPY_PHASE_STRIP = NO;
				DEBUG_INFORMATION_FORMAT = "dwarf-with-dsym";
				ENABLE_NS_ASSERTIONS = NO;
				ENABLE_STRICT_OBJC_MSGSEND = YES;
				GCC_C_LANGUAGE_STANDARD = gnu11;
				GCC_NO_COMMON_BLOCKS = YES;
				GCC_WARN_64_TO_32_BIT_CONVERSION = YES;
				GCC_WARN_ABOUT_RETURN_TYPE = YES_ERROR;
				GCC_WARN_UNDECLARED_SELECTOR = YES;
				GCC_WARN_UNINITIALIZED_AUTOS = YES_AGGRESSIVE;
				GCC_WARN_UNUSED_FUNCTION = YES;
				GCC_WARN_UNUSED_VARIABLE = YES;
				IPHONEOS_DEPLOYMENT_TARGET = 13.6;
				MTL_ENABLE_DEBUG_INFO = NO;
				MTL_FAST_MATH = YES;
				SDKROOT = iphoneos;
				SWIFT_COMPILATION_MODE = wholemodule;
				SWIFT_OPTIMIZATION_LEVEL = "-O";
				VALIDATE_PRODUCT = YES;
			};
			name = Release;
		};
		6D2AC25824F23EF800702704 /* Debug */ = {
			isa = XCBuildConfiguration;
			buildSettings = {
				ASSETCATALOG_COMPILER_APPICON_NAME = AppIcon;
				CODE_SIGN_STYLE = Automatic;
				DEVELOPMENT_TEAM = 284U29Y9VF;
				INFOPLIST_FILE = KaldisCafe_ModernMenu/Info.plist;
				IPHONEOS_DEPLOYMENT_TARGET = 13.0;
				LD_RUNPATH_SEARCH_PATHS = (
					"$(inherited)",
					"@executable_path/Frameworks",
				);
				PRODUCT_BUNDLE_IDENTIFIER = "com.au.ThinkingBearSolutions.KaldisCafe-ModernMenu";
				PRODUCT_NAME = "$(TARGET_NAME)";
				SWIFT_VERSION = 5.0;
				TARGETED_DEVICE_FAMILY = 2;
			};
			name = Debug;
		};
		6D2AC25924F23EF800702704 /* Release */ = {
			isa = XCBuildConfiguration;
			buildSettings = {
				ASSETCATALOG_COMPILER_APPICON_NAME = AppIcon;
				CODE_SIGN_STYLE = Automatic;
				DEVELOPMENT_TEAM = 284U29Y9VF;
				INFOPLIST_FILE = KaldisCafe_ModernMenu/Info.plist;
				IPHONEOS_DEPLOYMENT_TARGET = 13.0;
				LD_RUNPATH_SEARCH_PATHS = (
					"$(inherited)",
					"@executable_path/Frameworks",
				);
				PRODUCT_BUNDLE_IDENTIFIER = "com.au.ThinkingBearSolutions.KaldisCafe-ModernMenu";
				PRODUCT_NAME = "$(TARGET_NAME)";
				SWIFT_VERSION = 5.0;
				TARGETED_DEVICE_FAMILY = 2;
			};
			name = Release;
		};
/* End XCBuildConfiguration section */

/* Begin XCConfigurationList section */
		6D2AC23E24F23EF700702704 /* Build configuration list for PBXProject "KaldisCafe_ModernMenu" */ = {
			isa = XCConfigurationList;
			buildConfigurations = (
				6D2AC25524F23EF800702704 /* Debug */,
				6D2AC25624F23EF800702704 /* Release */,
			);
			defaultConfigurationIsVisible = 0;
			defaultConfigurationName = Release;
		};
		6D2AC25724F23EF800702704 /* Build configuration list for PBXNativeTarget "KaldisCafe_ModernMenu" */ = {
			isa = XCConfigurationList;
			buildConfigurations = (
				6D2AC25824F23EF800702704 /* Debug */,
				6D2AC25924F23EF800702704 /* Release */,
			);
			defaultConfigurationIsVisible = 0;
			defaultConfigurationName = Release;
		};
/* End XCConfigurationList section */
	};
	rootObject = 6D2AC23B24F23EF700702704 /* Project object */;
}
